
Microsoft Visual Studio Solution File, Format Version 11.00
# Visual Studio 2010
Project("{FAE04EC0-301F-11D3-BF4B-00C04F79EFBC}") = "itext.cleanup", "cleanup\itext\itext.cleanup\itext.cleanup.csproj", "{2F9B8138-96D5-4DF7-A011-61FE24900987}"
EndProject
Project("{FAE04EC0-301F-11D3-BF4B-00C04F79EFBC}") = "itext.cleanup.tests", "cleanup\itext.tests\itext.cleanup.tests\itext.cleanup.tests.csproj", "{A23889C9-FB5D-41DD-883F-7C1D78FA0D7D}"
EndProject
Global
	GlobalSection(SolutionConfigurationPlatforms) = preSolution
		Debug|Any CPU = Debug|Any CPU
		Release|Any CPU = Release|Any CPU
	EndGlobalSection
	GlobalSection(ProjectConfigurationPlatforms) = postSolution
		{2F9B8138-96D5-4DF7-A011-61FE24900987}.Debug|Any CPU.ActiveCfg = Debug|Any CPU
		{2F9B8138-96D5-4DF7-A011-61FE24900987}.Debug|Any CPU.Build.0 = Debug|Any CPU
		{2F9B8138-96D5-4DF7-A011-61FE24900987}.Release|Any CPU.ActiveCfg = Release|Any CPU
		{2F9B8138-96D5-4DF7-A011-61FE24900987}.Release|Any CPU.Build.0 = Release|Any CPU
		{A23889C9-FB5D-41DD-883F-7C1D78FA0D7D}.Debug|Any CPU.ActiveCfg = Debug|Any CPU
		{A23889C9-FB5D-41DD-883F-7C1D78FA0D7D}.Debug|Any CPU.Build.0 = Debug|Any CPU
		{A23889C9-FB5D-41DD-883F-7C1D78FA0D7D}.Release|Any CPU.ActiveCfg = Release|Any CPU
		{A23889C9-FB5D-41DD-883F-7C1D78FA0D7D}.Release|Any CPU.Build.0 = Release|Any CPU
	EndGlobalSection
	GlobalSection(SolutionProperties) = preSolution
		HideSolutionNode = FALSE
	EndGlobalSection
EndGlobal
